// !$*UTF8*$!
{
	archiveVersion = 1;
	classes = {
	};
	objectVersion = 46;
	objects = {

/* Begin PBXBuildFile section */
		7E3C118113EC710E00EC69E8 /* ASIDataCompressor.m in Sources */ = {isa = PBXBuildFile; fileRef = 7E3C117113EC710E00EC69E8 /* ASIDataCompressor.m */; };
		7E3C118213EC710E00EC69E8 /* ASIDataDecompressor.m in Sources */ = {isa = PBXBuildFile; fileRef = 7E3C117313EC710E00EC69E8 /* ASIDataDecompressor.m */; };
		7E3C118313EC710E00EC69E8 /* ASIDownloadCache.m in Sources */ = {isa = PBXBuildFile; fileRef = 7E3C117513EC710E00EC69E8 /* ASIDownloadCache.m */; };
		7E3C118413EC710E00EC69E8 /* ASIFormDataRequest.m in Sources */ = {isa = PBXBuildFile; fileRef = 7E3C117713EC710E00EC69E8 /* ASIFormDataRequest.m */; };
		7E3C118513EC710E00EC69E8 /* ASIHTTPRequest.m in Sources */ = {isa = PBXBuildFile; fileRef = 7E3C117913EC710E00EC69E8 /* ASIHTTPRequest.m */; };
		7E3C118613EC710E00EC69E8 /* ASIInputStream.m in Sources */ = {isa = PBXBuildFile; fileRef = 7E3C117D13EC710E00EC69E8 /* ASIInputStream.m */; };
		7E3C118713EC710E00EC69E8 /* ASINetworkQueue.m in Sources */ = {isa = PBXBuildFile; fileRef = 7E3C117F13EC710E00EC69E8 /* ASINetworkQueue.m */; };
		7E3C118B13EC719400EC69E8 /* ServerController.m in Sources */ = {isa = PBXBuildFile; fileRef = 7E3C118913EC719400EC69E8 /* ServerController.m */; };
		7E3C118C13EC719400EC69E8 /* ServerController-show.xib in Resources */ = {isa = PBXBuildFile; fileRef = 7E3C118A13EC719400EC69E8 /* ServerController-show.xib */; };
		7E3C11A413EC777200EC69E8 /* Nginx.m in Sources */ = {isa = PBXBuildFile; fileRef = 7E3C11A313EC777200EC69E8 /* Nginx.m */; };
		7E3C11A713EC777300EC69E8 /* Vhost.m in Sources */ = {isa = PBXBuildFile; fileRef = 7E3C11A613EC777300EC69E8 /* Vhost.m */; };
		7E3C11AA13EC777300EC69E8 /* MySQL.m in Sources */ = {isa = PBXBuildFile; fileRef = 7E3C11A913EC777300EC69E8 /* MySQL.m */; };
		7E3C11AD13EC777300EC69E8 /* PHP.m in Sources */ = {isa = PBXBuildFile; fileRef = 7E3C11AC13EC777300EC69E8 /* PHP.m */; };
		7E3C11B013EC777300EC69E8 /* Server.m in Sources */ = {isa = PBXBuildFile; fileRef = 7E3C11AF13EC777300EC69E8 /* Server.m */; };
		7E3C11B313EC777300EC69E8 /* Apache.m in Sources */ = {isa = PBXBuildFile; fileRef = 7E3C11B213EC777300EC69E8 /* Apache.m */; };
		7E3C11B613EC777300EC69E8 /* MongoDB.m in Sources */ = {isa = PBXBuildFile; fileRef = 7E3C11B513EC777300EC69E8 /* MongoDB.m */; };
		7E3C11B813EC780300EC69E8 /* config.plist in Resources */ = {isa = PBXBuildFile; fileRef = 7E3C11B713EC780300EC69E8 /* config.plist */; };
		7E3C11C813EC78BF00EC69E8 /* BytheStackTests-Info.plist in Resources */ = {isa = PBXBuildFile; fileRef = 7E3C11C313EC78BF00EC69E8 /* BytheStackTests-Info.plist */; };
		7E3C11C913EC78BF00EC69E8 /* BytheStackTests.m in Sources */ = {isa = PBXBuildFile; fileRef = 7E3C11C513EC78BF00EC69E8 /* BytheStackTests.m */; };
		7E3C11CA13EC78BF00EC69E8 /* InfoPlist.strings in Resources */ = {isa = PBXBuildFile; fileRef = 7E3C11C613EC78BF00EC69E8 /* InfoPlist.strings */; };
		7E3CFD4A13EC704A00EC69E8 /* BytheStackAppDelegate.m in Sources */ = {isa = PBXBuildFile; fileRef = 7E3CE82813EC702000EC69E8 /* BytheStackAppDelegate.m */; };
		7E3CFD4B13EC704A00EC69E8 /* default.xib in Resources */ = {isa = PBXBuildFile; fileRef = 7E3CE82E13EC702000EC69E8 /* default.xib */; };
		7E3CFD4E13EC704A00EC69E8 /* Credits.rtf in Resources */ = {isa = PBXBuildFile; fileRef = 7E3CE83413EC702000EC69E8 /* Credits.rtf */; };
		7E3CFD4F13EC704A00EC69E8 /* InfoPlist.strings in Resources */ = {isa = PBXBuildFile; fileRef = 7E3CE83613EC702000EC69E8 /* InfoPlist.strings */; };
		7E3CFD5013EC704A00EC69E8 /* BytheStack.xcdatamodeld in Sources */ = {isa = PBXBuildFile; fileRef = 7E3CE83913EC702000EC69E8 /* BytheStack.xcdatamodeld */; };
		7E3CFD5113EC704A00EC69E8 /* BaseInstaller.m in Sources */ = {isa = PBXBuildFile; fileRef = 7E3CE84013EC702100EC69E8 /* BaseInstaller.m */; };
		7E3CFD5213EC704A00EC69E8 /* NginxInstaller.m in Sources */ = {isa = PBXBuildFile; fileRef = 7E3CE84513EC702100EC69E8 /* NginxInstaller.m */; };
		7E3CFD5313EC704A00EC69E8 /* PHPInstaller.m in Sources */ = {isa = PBXBuildFile; fileRef = 7E3CE84913EC702100EC69E8 /* PHPInstaller.m */; };
		7E3CFD5413EC704A00EC69E8 /* TaskWrapper.m in Sources */ = {isa = PBXBuildFile; fileRef = 7E3CE84C13EC702100EC69E8 /* TaskWrapper.m */; };
		7E3CFD5513EC704A00EC69E8 /* main.m in Sources */ = {isa = PBXBuildFile; fileRef = 7E3CE84D13EC702100EC69E8 /* main.m */; };
		7E5A925413EB6246006498C3 /* Cocoa.framework in Frameworks */ = {isa = PBXBuildFile; fileRef = 7E5A925313EB6246006498C3 /* Cocoa.framework */; };
		7E5A927513EB6246006498C3 /* SenTestingKit.framework in Frameworks */ = {isa = PBXBuildFile; fileRef = 7E5A927413EB6246006498C3 /* SenTestingKit.framework */; };
		7E5A927613EB6246006498C3 /* Cocoa.framework in Frameworks */ = {isa = PBXBuildFile; fileRef = 7E5A925313EB6246006498C3 /* Cocoa.framework */; };
		7E5A92E113EB639B006498C3 /* libz.dylib in Frameworks */ = {isa = PBXBuildFile; fileRef = 7E5A92E013EB639B006498C3 /* libz.dylib */; };
		7E5AA21013EB7542006498C3 /* SystemConfiguration.framework in Frameworks */ = {isa = PBXBuildFile; fileRef = 7E5AA20F13EB7542006498C3 /* SystemConfiguration.framework */; };
/* End PBXBuildFile section */

/* Begin PBXContainerItemProxy section */
		7E3CE82213EBFB7000EC69E8 /* PBXContainerItemProxy */ = {
			isa = PBXContainerItemProxy;
			containerPortal = 7E5A924613EB6245006498C3 /* Project object */;
			proxyType = 1;
			remoteGlobalIDString = 7E3CE81D13EBFB5900EC69E8;
			remoteInfo = OpenSSL;
		};
		7E5A927713EB6246006498C3 /* PBXContainerItemProxy */ = {
			isa = PBXContainerItemProxy;
			containerPortal = 7E5A924613EB6245006498C3 /* Project object */;
			proxyType = 1;
			remoteGlobalIDString = 7E5A924E13EB6245006498C3;
			remoteInfo = BytheStack;
		};
		7E5AA16D13EB6D43006498C3 /* PBXContainerItemProxy */ = {
			isa = PBXContainerItemProxy;
			containerPortal = 7E5A924613EB6245006498C3 /* Project object */;
			proxyType = 1;
			remoteGlobalIDString = 7E5AA16913EB6A9D006498C3;
			remoteInfo = Git;
		};
/* End PBXContainerItemProxy section */

/* Begin PBXFileReference section */
		7E3C116F13EC710E00EC69E8 /* ASICacheDelegate.h */ = {isa = PBXFileReference; fileEncoding = 4; lastKnownFileType = sourcecode.c.h; name = ASICacheDelegate.h; path = Classes/ASICacheDelegate.h; sourceTree = "<group>"; };
		7E3C117013EC710E00EC69E8 /* ASIDataCompressor.h */ = {isa = PBXFileReference; fileEncoding = 4; lastKnownFileType = sourcecode.c.h; name = ASIDataCompressor.h; path = Classes/ASIDataCompressor.h; sourceTree = "<group>"; };
		7E3C117113EC710E00EC69E8 /* ASIDataCompressor.m */ = {isa = PBXFileReference; fileEncoding = 4; lastKnownFileType = sourcecode.c.objc; name = ASIDataCompressor.m; path = Classes/ASIDataCompressor.m; sourceTree = "<group>"; };
		7E3C117213EC710E00EC69E8 /* ASIDataDecompressor.h */ = {isa = PBXFileReference; fileEncoding = 4; lastKnownFileType = sourcecode.c.h; name = ASIDataDecompressor.h; path = Classes/ASIDataDecompressor.h; sourceTree = "<group>"; };
		7E3C117313EC710E00EC69E8 /* ASIDataDecompressor.m */ = {isa = PBXFileReference; fileEncoding = 4; lastKnownFileType = sourcecode.c.objc; name = ASIDataDecompressor.m; path = Classes/ASIDataDecompressor.m; sourceTree = "<group>"; };
		7E3C117413EC710E00EC69E8 /* ASIDownloadCache.h */ = {isa = PBXFileReference; fileEncoding = 4; lastKnownFileType = sourcecode.c.h; name = ASIDownloadCache.h; path = Classes/ASIDownloadCache.h; sourceTree = "<group>"; };
		7E3C117513EC710E00EC69E8 /* ASIDownloadCache.m */ = {isa = PBXFileReference; fileEncoding = 4; lastKnownFileType = sourcecode.c.objc; name = ASIDownloadCache.m; path = Classes/ASIDownloadCache.m; sourceTree = "<group>"; };
		7E3C117613EC710E00EC69E8 /* ASIFormDataRequest.h */ = {isa = PBXFileReference; fileEncoding = 4; lastKnownFileType = sourcecode.c.h; name = ASIFormDataRequest.h; path = Classes/ASIFormDataRequest.h; sourceTree = "<group>"; };
		7E3C117713EC710E00EC69E8 /* ASIFormDataRequest.m */ = {isa = PBXFileReference; fileEncoding = 4; lastKnownFileType = sourcecode.c.objc; name = ASIFormDataRequest.m; path = Classes/ASIFormDataRequest.m; sourceTree = "<group>"; };
		7E3C117813EC710E00EC69E8 /* ASIHTTPRequest.h */ = {isa = PBXFileReference; fileEncoding = 4; lastKnownFileType = sourcecode.c.h; name = ASIHTTPRequest.h; path = Classes/ASIHTTPRequest.h; sourceTree = "<group>"; };
		7E3C117913EC710E00EC69E8 /* ASIHTTPRequest.m */ = {isa = PBXFileReference; fileEncoding = 4; lastKnownFileType = sourcecode.c.objc; name = ASIHTTPRequest.m; path = Classes/ASIHTTPRequest.m; sourceTree = "<group>"; };
		7E3C117A13EC710E00EC69E8 /* ASIHTTPRequestConfig.h */ = {isa = PBXFileReference; fileEncoding = 4; lastKnownFileType = sourcecode.c.h; name = ASIHTTPRequestConfig.h; path = Classes/ASIHTTPRequestConfig.h; sourceTree = "<group>"; };
		7E3C117B13EC710E00EC69E8 /* ASIHTTPRequestDelegate.h */ = {isa = PBXFileReference; fileEncoding = 4; lastKnownFileType = sourcecode.c.h; name = ASIHTTPRequestDelegate.h; path = Classes/ASIHTTPRequestDelegate.h; sourceTree = "<group>"; };
		7E3C117C13EC710E00EC69E8 /* ASIInputStream.h */ = {isa = PBXFileReference; fileEncoding = 4; lastKnownFileType = sourcecode.c.h; name = ASIInputStream.h; path = Classes/ASIInputStream.h; sourceTree = "<group>"; };
		7E3C117D13EC710E00EC69E8 /* ASIInputStream.m */ = {isa = PBXFileReference; fileEncoding = 4; lastKnownFileType = sourcecode.c.objc; name = ASIInputStream.m; path = Classes/ASIInputStream.m; sourceTree = "<group>"; };
		7E3C117E13EC710E00EC69E8 /* ASINetworkQueue.h */ = {isa = PBXFileReference; fileEncoding = 4; lastKnownFileType = sourcecode.c.h; name = ASINetworkQueue.h; path = Classes/ASINetworkQueue.h; sourceTree = "<group>"; };
		7E3C117F13EC710E00EC69E8 /* ASINetworkQueue.m */ = {isa = PBXFileReference; fileEncoding = 4; lastKnownFileType = sourcecode.c.objc; name = ASINetworkQueue.m; path = Classes/ASINetworkQueue.m; sourceTree = "<group>"; };
		7E3C118013EC710E00EC69E8 /* ASIProgressDelegate.h */ = {isa = PBXFileReference; fileEncoding = 4; lastKnownFileType = sourcecode.c.h; name = ASIProgressDelegate.h; path = Classes/ASIProgressDelegate.h; sourceTree = "<group>"; };
		7E3C118813EC719400EC69E8 /* ServerController.h */ = {isa = PBXFileReference; fileEncoding = 4; lastKnownFileType = sourcecode.c.h; path = ServerController.h; sourceTree = "<group>"; };
		7E3C118913EC719400EC69E8 /* ServerController.m */ = {isa = PBXFileReference; fileEncoding = 4; lastKnownFileType = sourcecode.c.objc; path = ServerController.m; sourceTree = "<group>"; };
		7E3C118A13EC719400EC69E8 /* ServerController-show.xib */ = {isa = PBXFileReference; fileEncoding = 4; lastKnownFileType = file.xib; name = "ServerController-show.xib"; path = "../../controllers/ServerController-show.xib"; sourceTree = "<group>"; };
		7E3C11A213EC777200EC69E8 /* Nginx.h */ = {isa = PBXFileReference; fileEncoding = 4; lastKnownFileType = sourcecode.c.h; path = Nginx.h; sourceTree = "<group>"; };
		7E3C11A313EC777200EC69E8 /* Nginx.m */ = {isa = PBXFileReference; fileEncoding = 4; lastKnownFileType = sourcecode.c.objc; path = Nginx.m; sourceTree = "<group>"; };
		7E3C11A513EC777300EC69E8 /* Vhost.h */ = {isa = PBXFileReference; fileEncoding = 4; lastKnownFileType = sourcecode.c.h; path = Vhost.h; sourceTree = "<group>"; };
		7E3C11A613EC777300EC69E8 /* Vhost.m */ = {isa = PBXFileReference; fileEncoding = 4; lastKnownFileType = sourcecode.c.objc; path = Vhost.m; sourceTree = "<group>"; };
		7E3C11A813EC777300EC69E8 /* MySQL.h */ = {isa = PBXFileReference; fileEncoding = 4; lastKnownFileType = sourcecode.c.h; path = MySQL.h; sourceTree = "<group>"; };
		7E3C11A913EC777300EC69E8 /* MySQL.m */ = {isa = PBXFileReference; fileEncoding = 4; lastKnownFileType = sourcecode.c.objc; path = MySQL.m; sourceTree = "<group>"; };
		7E3C11AB13EC777300EC69E8 /* PHP.h */ = {isa = PBXFileReference; fileEncoding = 4; lastKnownFileType = sourcecode.c.h; path = PHP.h; sourceTree = "<group>"; };
		7E3C11AC13EC777300EC69E8 /* PHP.m */ = {isa = PBXFileReference; fileEncoding = 4; lastKnownFileType = sourcecode.c.objc; path = PHP.m; sourceTree = "<group>"; };
		7E3C11AE13EC777300EC69E8 /* Server.h */ = {isa = PBXFileReference; fileEncoding = 4; lastKnownFileType = sourcecode.c.h; path = Server.h; sourceTree = "<group>"; };
		7E3C11AF13EC777300EC69E8 /* Server.m */ = {isa = PBXFileReference; fileEncoding = 4; lastKnownFileType = sourcecode.c.objc; path = Server.m; sourceTree = "<group>"; };
		7E3C11B113EC777300EC69E8 /* Apache.h */ = {isa = PBXFileReference; fileEncoding = 4; lastKnownFileType = sourcecode.c.h; path = Apache.h; sourceTree = "<group>"; };
		7E3C11B213EC777300EC69E8 /* Apache.m */ = {isa = PBXFileReference; fileEncoding = 4; lastKnownFileType = sourcecode.c.objc; path = Apache.m; sourceTree = "<group>"; };
		7E3C11B413EC777300EC69E8 /* MongoDB.h */ = {isa = PBXFileReference; fileEncoding = 4; lastKnownFileType = sourcecode.c.h; path = MongoDB.h; sourceTree = "<group>"; };
		7E3C11B513EC777300EC69E8 /* MongoDB.m */ = {isa = PBXFileReference; fileEncoding = 4; lastKnownFileType = sourcecode.c.objc; path = MongoDB.m; sourceTree = "<group>"; };
		7E3C11B713EC780300EC69E8 /* config.plist */ = {isa = PBXFileReference; fileEncoding = 4; lastKnownFileType = text.plist.xml; path = config.plist; sourceTree = "<group>"; };
		7E3C11C313EC78BF00EC69E8 /* BytheStackTests-Info.plist */ = {isa = PBXFileReference; fileEncoding = 4; lastKnownFileType = text.plist.xml; path = "BytheStackTests-Info.plist"; sourceTree = "<group>"; };
		7E3C11C413EC78BF00EC69E8 /* BytheStackTests.h */ = {isa = PBXFileReference; fileEncoding = 4; lastKnownFileType = sourcecode.c.h; path = BytheStackTests.h; sourceTree = "<group>"; };
		7E3C11C513EC78BF00EC69E8 /* BytheStackTests.m */ = {isa = PBXFileReference; fileEncoding = 4; lastKnownFileType = sourcecode.c.objc; path = BytheStackTests.m; sourceTree = "<group>"; };
		7E3C11C713EC78BF00EC69E8 /* en */ = {isa = PBXFileReference; lastKnownFileType = text.plist.strings; name = en; path = en.lproj/InfoPlist.strings; sourceTree = "<group>"; };
		7E3CE82713EC702000EC69E8 /* BytheStackAppDelegate.h */ = {isa = PBXFileReference; fileEncoding = 4; lastKnownFileType = sourcecode.c.h; path = BytheStackAppDelegate.h; sourceTree = "<group>"; };
		7E3CE82813EC702000EC69E8 /* BytheStackAppDelegate.m */ = {isa = PBXFileReference; fileEncoding = 4; lastKnownFileType = sourcecode.c.objc; path = BytheStackAppDelegate.m; sourceTree = "<group>"; };
		7E3CE82E13EC702000EC69E8 /* default.xib */ = {isa = PBXFileReference; fileEncoding = 4; lastKnownFileType = file.xib; path = default.xib; sourceTree = "<group>"; };
		7E3CE83213EC702000EC69E8 /* prefix.pch */ = {isa = PBXFileReference; fileEncoding = 4; lastKnownFileType = sourcecode.c.h; path = prefix.pch; sourceTree = "<group>"; };
		7E3CE83513EC702000EC69E8 /* en */ = {isa = PBXFileReference; lastKnownFileType = text.rtf; name = en; path = en.lproj/Credits.rtf; sourceTree = "<group>"; };
		7E3CE83713EC702000EC69E8 /* en */ = {isa = PBXFileReference; lastKnownFileType = text.plist.strings; name = en; path = en.lproj/InfoPlist.strings; sourceTree = "<group>"; };
		7E3CE83A13EC702100EC69E8 /* BytheStack.xcdatamodel */ = {isa = PBXFileReference; lastKnownFileType = wrapper.xcdatamodel; path = BytheStack.xcdatamodel; sourceTree = "<group>"; };
		7E3CE83F13EC702100EC69E8 /* BaseInstaller.h */ = {isa = PBXFileReference; fileEncoding = 4; lastKnownFileType = sourcecode.c.h; path = BaseInstaller.h; sourceTree = "<group>"; };
		7E3CE84013EC702100EC69E8 /* BaseInstaller.m */ = {isa = PBXFileReference; fileEncoding = 4; lastKnownFileType = sourcecode.c.objc; path = BaseInstaller.m; sourceTree = "<group>"; };
		7E3CE84413EC702100EC69E8 /* NginxInstaller.h */ = {isa = PBXFileReference; fileEncoding = 4; lastKnownFileType = sourcecode.c.h; path = NginxInstaller.h; sourceTree = "<group>"; };
		7E3CE84513EC702100EC69E8 /* NginxInstaller.m */ = {isa = PBXFileReference; fileEncoding = 4; lastKnownFileType = sourcecode.c.objc; path = NginxInstaller.m; sourceTree = "<group>"; };
		7E3CE84813EC702100EC69E8 /* PHPInstaller.h */ = {isa = PBXFileReference; fileEncoding = 4; lastKnownFileType = sourcecode.c.h; path = PHPInstaller.h; sourceTree = "<group>"; };
		7E3CE84913EC702100EC69E8 /* PHPInstaller.m */ = {isa = PBXFileReference; fileEncoding = 4; lastKnownFileType = sourcecode.c.objc; path = PHPInstaller.m; sourceTree = "<group>"; };
		7E3CE84B13EC702100EC69E8 /* TaskWrapper.h */ = {isa = PBXFileReference; fileEncoding = 4; lastKnownFileType = sourcecode.c.h; path = TaskWrapper.h; sourceTree = "<group>"; };
		7E3CE84C13EC702100EC69E8 /* TaskWrapper.m */ = {isa = PBXFileReference; fileEncoding = 4; lastKnownFileType = sourcecode.c.objc; path = TaskWrapper.m; sourceTree = "<group>"; };
		7E3CE84D13EC702100EC69E8 /* main.m */ = {isa = PBXFileReference; fileEncoding = 4; lastKnownFileType = sourcecode.c.objc; path = main.m; sourceTree = "<group>"; };
		7E5A924F13EB6245006498C3 /* BytheStack.app */ = {isa = PBXFileReference; explicitFileType = wrapper.application; includeInIndex = 0; path = BytheStack.app; sourceTree = BUILT_PRODUCTS_DIR; };
		7E5A925313EB6246006498C3 /* Cocoa.framework */ = {isa = PBXFileReference; lastKnownFileType = wrapper.framework; name = Cocoa.framework; path = System/Library/Frameworks/Cocoa.framework; sourceTree = SDKROOT; };
		7E5A925613EB6246006498C3 /* AppKit.framework */ = {isa = PBXFileReference; lastKnownFileType = wrapper.framework; name = AppKit.framework; path = System/Library/Frameworks/AppKit.framework; sourceTree = SDKROOT; };
		7E5A925713EB6246006498C3 /* CoreData.framework */ = {isa = PBXFileReference; lastKnownFileType = wrapper.framework; name = CoreData.framework; path = System/Library/Frameworks/CoreData.framework; sourceTree = SDKROOT; };
		7E5A925813EB6246006498C3 /* Foundation.framework */ = {isa = PBXFileReference; lastKnownFileType = wrapper.framework; name = Foundation.framework; path = System/Library/Frameworks/Foundation.framework; sourceTree = SDKROOT; };
		7E5A927313EB6246006498C3 /* BytheStackTests.octest */ = {isa = PBXFileReference; explicitFileType = wrapper.cfbundle; includeInIndex = 0; path = BytheStackTests.octest; sourceTree = BUILT_PRODUCTS_DIR; };
		7E5A927413EB6246006498C3 /* SenTestingKit.framework */ = {isa = PBXFileReference; lastKnownFileType = wrapper.framework; name = SenTestingKit.framework; path = Library/Frameworks/SenTestingKit.framework; sourceTree = DEVELOPER_DIR; };
		7E5A92E013EB639B006498C3 /* libz.dylib */ = {isa = PBXFileReference; lastKnownFileType = "compiled.mach-o.dylib"; name = libz.dylib; path = usr/lib/libz.dylib; sourceTree = SDKROOT; };
		7E5AA20F13EB7542006498C3 /* SystemConfiguration.framework */ = {isa = PBXFileReference; lastKnownFileType = wrapper.framework; name = SystemConfiguration.framework; path = System/Library/Frameworks/SystemConfiguration.framework; sourceTree = SDKROOT; };
/* End PBXFileReference section */

/* Begin PBXFrameworksBuildPhase section */
		7E5A924C13EB6245006498C3 /* Frameworks */ = {
			isa = PBXFrameworksBuildPhase;
			buildActionMask = 2147483647;
			files = (
				7E5AA21013EB7542006498C3 /* SystemConfiguration.framework in Frameworks */,
				7E5A92E113EB639B006498C3 /* libz.dylib in Frameworks */,
				7E5A925413EB6246006498C3 /* Cocoa.framework in Frameworks */,
			);
			runOnlyForDeploymentPostprocessing = 0;
		};
		7E5A926F13EB6246006498C3 /* Frameworks */ = {
			isa = PBXFrameworksBuildPhase;
			buildActionMask = 2147483647;
			files = (
				7E5A927513EB6246006498C3 /* SenTestingKit.framework in Frameworks */,
				7E5A927613EB6246006498C3 /* Cocoa.framework in Frameworks */,
			);
			runOnlyForDeploymentPostprocessing = 0;
		};
/* End PBXFrameworksBuildPhase section */

/* Begin PBXGroup section */
		7E3C11C213EC78BF00EC69E8 /* test */ = {
			isa = PBXGroup;
			children = (
				7E3C11C313EC78BF00EC69E8 /* BytheStackTests-Info.plist */,
				7E3C11C413EC78BF00EC69E8 /* BytheStackTests.h */,
				7E3C11C513EC78BF00EC69E8 /* BytheStackTests.m */,
				7E3C11C613EC78BF00EC69E8 /* InfoPlist.strings */,
			);
			path = test;
			sourceTree = "<group>";
		};
		7E3CE82613EC702000EC69E8 /* app */ = {
			isa = PBXGroup;
			children = (
				7E3CE82713EC702000EC69E8 /* BytheStackAppDelegate.h */,
				7E3CE82813EC702000EC69E8 /* BytheStackAppDelegate.m */,
				7E3CE82913EC702000EC69E8 /* controllers */,
				7E3CE82A13EC702000EC69E8 /* helpers */,
				7E3CE82B13EC702000EC69E8 /* models */,
				7E3CE82C13EC702000EC69E8 /* views */,
			);
			path = app;
			sourceTree = "<group>";
		};
		7E3CE82913EC702000EC69E8 /* controllers */ = {
			isa = PBXGroup;
			children = (
				7E3C118813EC719400EC69E8 /* ServerController.h */,
				7E3C118913EC719400EC69E8 /* ServerController.m */,
			);
			path = controllers;
			sourceTree = "<group>";
		};
		7E3CE82A13EC702000EC69E8 /* helpers */ = {
			isa = PBXGroup;
			children = (
			);
			path = helpers;
			sourceTree = "<group>";
		};
		7E3CE82B13EC702000EC69E8 /* models */ = {
			isa = PBXGroup;
			children = (
				7E3C11B113EC777300EC69E8 /* Apache.h */,
				7E3C11B213EC777300EC69E8 /* Apache.m */,
				7E3C11AE13EC777300EC69E8 /* Server.h */,
				7E3C11AF13EC777300EC69E8 /* Server.m */,
				7E3C11AB13EC777300EC69E8 /* PHP.h */,
				7E3C11AC13EC777300EC69E8 /* PHP.m */,
				7E3C11B413EC777300EC69E8 /* MongoDB.h */,
				7E3C11B513EC777300EC69E8 /* MongoDB.m */,
				7E3C11A813EC777300EC69E8 /* MySQL.h */,
				7E3C11A913EC777300EC69E8 /* MySQL.m */,
				7E3C11A513EC777300EC69E8 /* Vhost.h */,
				7E3C11A613EC777300EC69E8 /* Vhost.m */,
				7E3C11A213EC777200EC69E8 /* Nginx.h */,
				7E3C11A313EC777200EC69E8 /* Nginx.m */,
			);
			path = models;
			sourceTree = "<group>";
		};
		7E3CE82C13EC702000EC69E8 /* views */ = {
			isa = PBXGroup;
			children = (
				7E3CE82D13EC702000EC69E8 /* layouts */,
				7E3CE82F13EC702000EC69E8 /* server */,
			);
			path = views;
			sourceTree = "<group>";
		};
		7E3CE82D13EC702000EC69E8 /* layouts */ = {
			isa = PBXGroup;
			children = (
				7E3CE82E13EC702000EC69E8 /* default.xib */,
			);
			path = layouts;
			sourceTree = "<group>";
		};
		7E3CE82F13EC702000EC69E8 /* server */ = {
			isa = PBXGroup;
			children = (
				7E3C118A13EC719400EC69E8 /* ServerController-show.xib */,
			);
			path = server;
			sourceTree = "<group>";
		};
		7E3CE83313EC702000EC69E8 /* config */ = {
			isa = PBXGroup;
			children = (
				7E3C11B713EC780300EC69E8 /* config.plist */,
				7E3CE83413EC702000EC69E8 /* Credits.rtf */,
				7E3CE83613EC702000EC69E8 /* InfoPlist.strings */,
			);
			path = config;
			sourceTree = "<group>";
		};
		7E3CE83813EC702000EC69E8 /* db */ = {
			isa = PBXGroup;
			children = (
				7E3CE83913EC702000EC69E8 /* BytheStack.xcdatamodeld */,
			);
			path = db;
			sourceTree = "<group>";
		};
		7E3CE83B13EC702100EC69E8 /* doc */ = {
			isa = PBXGroup;
			children = (
			);
			path = doc;
			sourceTree = "<group>";
		};
		7E3CE83C13EC702100EC69E8 /* lib */ = {
			isa = PBXGroup;
			children = (
				7E3CE83D13EC702100EC69E8 /* installer */,
				7E3CE84A13EC702100EC69E8 /* task */,
			);
			path = lib;
			sourceTree = "<group>";
		};
		7E3CE83D13EC702100EC69E8 /* installer */ = {
			isa = PBXGroup;
			children = (
				7E3CE83E13EC702100EC69E8 /* apache */,
				7E3CE83F13EC702100EC69E8 /* BaseInstaller.h */,
				7E3CE84013EC702100EC69E8 /* BaseInstaller.m */,
				7E3CE84113EC702100EC69E8 /* mongo */,
				7E3CE84213EC702100EC69E8 /* mysql */,
				7E3CE84313EC702100EC69E8 /* nginx */,
				7E3CE84613EC702100EC69E8 /* node */,
				7E3CE84713EC702100EC69E8 /* php */,
			);
			path = installer;
			sourceTree = "<group>";
		};
		7E3CE83E13EC702100EC69E8 /* apache */ = {
			isa = PBXGroup;
			children = (
			);
			path = apache;
			sourceTree = "<group>";
		};
		7E3CE84113EC702100EC69E8 /* mongo */ = {
			isa = PBXGroup;
			children = (
			);
			path = mongo;
			sourceTree = "<group>";
		};
		7E3CE84213EC702100EC69E8 /* mysql */ = {
			isa = PBXGroup;
			children = (
			);
			path = mysql;
			sourceTree = "<group>";
		};
		7E3CE84313EC702100EC69E8 /* nginx */ = {
			isa = PBXGroup;
			children = (
				7E3CE84413EC702100EC69E8 /* NginxInstaller.h */,
				7E3CE84513EC702100EC69E8 /* NginxInstaller.m */,
			);
			path = nginx;
			sourceTree = "<group>";
		};
		7E3CE84613EC702100EC69E8 /* node */ = {
			isa = PBXGroup;
			children = (
			);
			path = node;
			sourceTree = "<group>";
		};
		7E3CE84713EC702100EC69E8 /* php */ = {
			isa = PBXGroup;
			children = (
				7E3CE84813EC702100EC69E8 /* PHPInstaller.h */,
				7E3CE84913EC702100EC69E8 /* PHPInstaller.m */,
			);
			path = php;
			sourceTree = "<group>";
		};
		7E3CE84A13EC702100EC69E8 /* task */ = {
			isa = PBXGroup;
			children = (
				7E3CE84B13EC702100EC69E8 /* TaskWrapper.h */,
				7E3CE84C13EC702100EC69E8 /* TaskWrapper.m */,
			);
			path = task;
			sourceTree = "<group>";
		};
		7E3CE84E13EC702100EC69E8 /* resources */ = {
			isa = PBXGroup;
			children = (
				7E3CE84F13EC702100EC69E8 /* etc */,
				7E3CE85313EC702100EC69E8 /* img */,
			);
			path = resources;
			sourceTree = "<group>";
		};
		7E3CE84F13EC702100EC69E8 /* etc */ = {
			isa = PBXGroup;
			children = (
				7E3CE85013EC702100EC69E8 /* mongodb */,
				7E3CE85113EC702100EC69E8 /* nginx */,
				7E3CE85213EC702100EC69E8 /* php */,
			);
			path = etc;
			sourceTree = "<group>";
		};
		7E3CE85013EC702100EC69E8 /* mongodb */ = {
			isa = PBXGroup;
			children = (
			);
			path = mongodb;
			sourceTree = "<group>";
		};
		7E3CE85113EC702100EC69E8 /* nginx */ = {
			isa = PBXGroup;
			children = (
			);
			path = nginx;
			sourceTree = "<group>";
		};
		7E3CE85213EC702100EC69E8 /* php */ = {
			isa = PBXGroup;
			children = (
			);
			path = php;
			sourceTree = "<group>";
		};
		7E3CE85313EC702100EC69E8 /* img */ = {
			isa = PBXGroup;
			children = (
			);
			path = img;
			sourceTree = "<group>";
		};
		7E3CE85413EC702100EC69E8 /* script */ = {
			isa = PBXGroup;
			children = (
			);
			path = script;
			sourceTree = "<group>";
		};
		7E3CE85B13EC702100EC69E8 /* vendor */ = {
			isa = PBXGroup;
			children = (
				7E3CE85C13EC702100EC69E8 /* asi-http-request */,
			);
			path = vendor;
			sourceTree = "<group>";
		};
		7E3CE85C13EC702100EC69E8 /* asi-http-request */ = {
			isa = PBXGroup;
			children = (
				7E3C116F13EC710E00EC69E8 /* ASICacheDelegate.h */,
				7E3C117013EC710E00EC69E8 /* ASIDataCompressor.h */,
				7E3C117113EC710E00EC69E8 /* ASIDataCompressor.m */,
				7E3C117213EC710E00EC69E8 /* ASIDataDecompressor.h */,
				7E3C117313EC710E00EC69E8 /* ASIDataDecompressor.m */,
				7E3C117413EC710E00EC69E8 /* ASIDownloadCache.h */,
				7E3C117513EC710E00EC69E8 /* ASIDownloadCache.m */,
				7E3C117613EC710E00EC69E8 /* ASIFormDataRequest.h */,
				7E3C117713EC710E00EC69E8 /* ASIFormDataRequest.m */,
				7E3C117813EC710E00EC69E8 /* ASIHTTPRequest.h */,
				7E3C117913EC710E00EC69E8 /* ASIHTTPRequest.m */,
				7E3C117A13EC710E00EC69E8 /* ASIHTTPRequestConfig.h */,
				7E3C117B13EC710E00EC69E8 /* ASIHTTPRequestDelegate.h */,
				7E3C117C13EC710E00EC69E8 /* ASIInputStream.h */,
				7E3C117D13EC710E00EC69E8 /* ASIInputStream.m */,
				7E3C117E13EC710E00EC69E8 /* ASINetworkQueue.h */,
				7E3C117F13EC710E00EC69E8 /* ASINetworkQueue.m */,
				7E3C118013EC710E00EC69E8 /* ASIProgressDelegate.h */,
			);
			path = "asi-http-request";
			sourceTree = "<group>";
		};
		7E5A924413EB6245006498C3 = {
			isa = PBXGroup;
			children = (
				7E3CE82613EC702000EC69E8 /* app */,
				7E3CE83213EC702000EC69E8 /* prefix.pch */,
				7E3CE83313EC702000EC69E8 /* config */,
				7E3CE83813EC702000EC69E8 /* db */,
				7E3CE83B13EC702100EC69E8 /* doc */,
				7E3CE83C13EC702100EC69E8 /* lib */,
				7E3CE84D13EC702100EC69E8 /* main.m */,
				7E3CE84E13EC702100EC69E8 /* resources */,
				7E3CE85413EC702100EC69E8 /* script */,
				7E3C11C213EC78BF00EC69E8 /* test */,
				7E3CE85B13EC702100EC69E8 /* vendor */,
				7E5A925213EB6245006498C3 /* Frameworks */,
				7E5A925013EB6245006498C3 /* Products */,
			);
			sourceTree = "<group>";
		};
		7E5A925013EB6245006498C3 /* Products */ = {
			isa = PBXGroup;
			children = (
				7E5A924F13EB6245006498C3 /* BytheStack.app */,
				7E5A927313EB6246006498C3 /* BytheStackTests.octest */,
			);
			name = Products;
			sourceTree = "<group>";
		};
		7E5A925213EB6245006498C3 /* Frameworks */ = {
			isa = PBXGroup;
			children = (
				7E5AA20F13EB7542006498C3 /* SystemConfiguration.framework */,
				7E5A92E013EB639B006498C3 /* libz.dylib */,
				7E5A925313EB6246006498C3 /* Cocoa.framework */,
				7E5A927413EB6246006498C3 /* SenTestingKit.framework */,
				7E5A925513EB6246006498C3 /* Other Frameworks */,
			);
			name = Frameworks;
			sourceTree = "<group>";
		};
		7E5A925513EB6246006498C3 /* Other Frameworks */ = {
			isa = PBXGroup;
			children = (
				7E5A925613EB6246006498C3 /* AppKit.framework */,
				7E5A925713EB6246006498C3 /* CoreData.framework */,
				7E5A925813EB6246006498C3 /* Foundation.framework */,
			);
			name = "Other Frameworks";
			sourceTree = "<group>";
		};
/* End PBXGroup section */

/* Begin PBXLegacyTarget section */
		7E3CE81D13EBFB5900EC69E8 /* OpenSSL */ = {
			isa = PBXLegacyTarget;
			buildArgumentsString = "install openssl";
			buildConfigurationList = 7E3CE82013EBFB5900EC69E8 /* Build configuration list for PBXLegacyTarget "OpenSSL" */;
			buildPhases = (
			);
			buildToolPath = vendor/homebrew/bin/brew;
			buildWorkingDirectory = "";
			dependencies = (
			);
			name = OpenSSL;
			passBuildSettingsInEnvironment = 1;
			productName = OpenSSL;
		};
		7E5AA16913EB6A9D006498C3 /* Git */ = {
			isa = PBXLegacyTarget;
			buildArgumentsString = "install git";
			buildConfigurationList = 7E5AA16A13EB6A9D006498C3 /* Build configuration list for PBXLegacyTarget "Git" */;
			buildPhases = (
			);
			buildToolPath = vendor/homebrew/bin/brew;
			buildWorkingDirectory = "";
			dependencies = (
			);
			name = Git;
			passBuildSettingsInEnvironment = 1;
			productName = Git;
		};
/* End PBXLegacyTarget section */

/* Begin PBXNativeTarget section */
		7E5A924E13EB6245006498C3 /* BytheStack */ = {
			isa = PBXNativeTarget;
			buildConfigurationList = 7E5A928513EB6246006498C3 /* Build configuration list for PBXNativeTarget "BytheStack" */;
			buildPhases = (
				7E5A924B13EB6245006498C3 /* Sources */,
				7E5A924C13EB6245006498C3 /* Frameworks */,
				7E5A924D13EB6245006498C3 /* Resources */,
			);
			buildRules = (
			);
			dependencies = (
				7E3CE82313EBFB7000EC69E8 /* PBXTargetDependency */,
				7E5AA16E13EB6D43006498C3 /* PBXTargetDependency */,
			);
			name = BytheStack;
			productName = BytheStack;
			productReference = 7E5A924F13EB6245006498C3 /* BytheStack.app */;
			productType = "com.apple.product-type.application";
		};
		7E5A927213EB6246006498C3 /* BytheStackTests */ = {
			isa = PBXNativeTarget;
			buildConfigurationList = 7E5A928813EB6246006498C3 /* Build configuration list for PBXNativeTarget "BytheStackTests" */;
			buildPhases = (
				7E5A926E13EB6246006498C3 /* Sources */,
				7E5A926F13EB6246006498C3 /* Frameworks */,
				7E5A927013EB6246006498C3 /* Resources */,
				7E5A927113EB6246006498C3 /* ShellScript */,
			);
			buildRules = (
			);
			dependencies = (
				7E5A927813EB6246006498C3 /* PBXTargetDependency */,
			);
			name = BytheStackTests;
			productName = BytheStackTests;
			productReference = 7E5A927313EB6246006498C3 /* BytheStackTests.octest */;
			productType = "com.apple.product-type.bundle";
		};
/* End PBXNativeTarget section */

/* Begin PBXProject section */
		7E5A924613EB6245006498C3 /* Project object */ = {
			isa = PBXProject;
			attributes = {
				ORGANIZATIONNAME = "Big Thumb Electronics";
			};
			buildConfigurationList = 7E5A924913EB6245006498C3 /* Build configuration list for PBXProject "BytheStack" */;
			compatibilityVersion = "Xcode 3.2";
			developmentRegion = English;
			hasScannedForEncodings = 0;
			knownRegions = (
				en,
				English,
			);
			mainGroup = 7E5A924413EB6245006498C3;
			productRefGroup = 7E5A925013EB6245006498C3 /* Products */;
			projectDirPath = "";
			projectRoot = "";
			targets = (
				7E5A924E13EB6245006498C3 /* BytheStack */,
				7E5A927213EB6246006498C3 /* BytheStackTests */,
				7E5AA16913EB6A9D006498C3 /* Git */,
				7E3CE81D13EBFB5900EC69E8 /* OpenSSL */,
			);
		};
/* End PBXProject section */

/* Begin PBXResourcesBuildPhase section */
		7E5A924D13EB6245006498C3 /* Resources */ = {
			isa = PBXResourcesBuildPhase;
			buildActionMask = 2147483647;
			files = (
				7E3CFD4B13EC704A00EC69E8 /* default.xib in Resources */,
				7E3CFD4E13EC704A00EC69E8 /* Credits.rtf in Resources */,
				7E3CFD4F13EC704A00EC69E8 /* InfoPlist.strings in Resources */,
				7E3C118C13EC719400EC69E8 /* ServerController-show.xib in Resources */,
				7E3C11B813EC780300EC69E8 /* config.plist in Resources */,
			);
			runOnlyForDeploymentPostprocessing = 0;
		};
		7E5A927013EB6246006498C3 /* Resources */ = {
			isa = PBXResourcesBuildPhase;
			buildActionMask = 2147483647;
			files = (
				7E3C11C813EC78BF00EC69E8 /* BytheStackTests-Info.plist in Resources */,
				7E3C11CA13EC78BF00EC69E8 /* InfoPlist.strings in Resources */,
			);
			runOnlyForDeploymentPostprocessing = 0;
		};
/* End PBXResourcesBuildPhase section */

/* Begin PBXShellScriptBuildPhase section */
		7E5A927113EB6246006498C3 /* ShellScript */ = {
			isa = PBXShellScriptBuildPhase;
			buildActionMask = 2147483647;
			files = (
			);
			inputPaths = (
			);
			outputPaths = (
			);
			runOnlyForDeploymentPostprocessing = 0;
			shellPath = /bin/sh;
			shellScript = "# Run the unit tests in this test bundle.\n\"${SYSTEM_DEVELOPER_DIR}/Tools/RunUnitTests\"\n";
		};
/* End PBXShellScriptBuildPhase section */

/* Begin PBXSourcesBuildPhase section */
		7E5A924B13EB6245006498C3 /* Sources */ = {
			isa = PBXSourcesBuildPhase;
			buildActionMask = 2147483647;
			files = (
				7E3CFD4A13EC704A00EC69E8 /* BytheStackAppDelegate.m in Sources */,
				7E3CFD5013EC704A00EC69E8 /* BytheStack.xcdatamodeld in Sources */,
				7E3CFD5113EC704A00EC69E8 /* BaseInstaller.m in Sources */,
				7E3CFD5213EC704A00EC69E8 /* NginxInstaller.m in Sources */,
				7E3CFD5313EC704A00EC69E8 /* PHPInstaller.m in Sources */,
				7E3CFD5413EC704A00EC69E8 /* TaskWrapper.m in Sources */,
				7E3CFD5513EC704A00EC69E8 /* main.m in Sources */,
				7E3C118113EC710E00EC69E8 /* ASIDataCompressor.m in Sources */,
				7E3C118213EC710E00EC69E8 /* ASIDataDecompressor.m in Sources */,
				7E3C118313EC710E00EC69E8 /* ASIDownloadCache.m in Sources */,
				7E3C118413EC710E00EC69E8 /* ASIFormDataRequest.m in Sources */,
				7E3C118513EC710E00EC69E8 /* ASIHTTPRequest.m in Sources */,
				7E3C118613EC710E00EC69E8 /* ASIInputStream.m in Sources */,
				7E3C118713EC710E00EC69E8 /* ASINetworkQueue.m in Sources */,
				7E3C118B13EC719400EC69E8 /* ServerController.m in Sources */,
				7E3C11A413EC777200EC69E8 /* Nginx.m in Sources */,
				7E3C11A713EC777300EC69E8 /* Vhost.m in Sources */,
				7E3C11AA13EC777300EC69E8 /* MySQL.m in Sources */,
				7E3C11AD13EC777300EC69E8 /* PHP.m in Sources */,
				7E3C11B013EC777300EC69E8 /* Server.m in Sources */,
				7E3C11B313EC777300EC69E8 /* Apache.m in Sources */,
				7E3C11B613EC777300EC69E8 /* MongoDB.m in Sources */,
			);
			runOnlyForDeploymentPostprocessing = 0;
		};
		7E5A926E13EB6246006498C3 /* Sources */ = {
			isa = PBXSourcesBuildPhase;
			buildActionMask = 2147483647;
			files = (
				7E3C11C913EC78BF00EC69E8 /* BytheStackTests.m in Sources */,
			);
			runOnlyForDeploymentPostprocessing = 0;
		};
/* End PBXSourcesBuildPhase section */

/* Begin PBXTargetDependency section */
		7E3CE82313EBFB7000EC69E8 /* PBXTargetDependency */ = {
			isa = PBXTargetDependency;
			target = 7E3CE81D13EBFB5900EC69E8 /* OpenSSL */;
			targetProxy = 7E3CE82213EBFB7000EC69E8 /* PBXContainerItemProxy */;
		};
		7E5A927813EB6246006498C3 /* PBXTargetDependency */ = {
			isa = PBXTargetDependency;
			target = 7E5A924E13EB6245006498C3 /* BytheStack */;
			targetProxy = 7E5A927713EB6246006498C3 /* PBXContainerItemProxy */;
		};
		7E5AA16E13EB6D43006498C3 /* PBXTargetDependency */ = {
			isa = PBXTargetDependency;
			target = 7E5AA16913EB6A9D006498C3 /* Git */;
			targetProxy = 7E5AA16D13EB6D43006498C3 /* PBXContainerItemProxy */;
		};
/* End PBXTargetDependency section */

/* Begin PBXVariantGroup section */
		7E3C11C613EC78BF00EC69E8 /* InfoPlist.strings */ = {
			isa = PBXVariantGroup;
			children = (
				7E3C11C713EC78BF00EC69E8 /* en */,
			);
			name = InfoPlist.strings;
			sourceTree = "<group>";
		};
		7E3CE83413EC702000EC69E8 /* Credits.rtf */ = {
			isa = PBXVariantGroup;
			children = (
				7E3CE83513EC702000EC69E8 /* en */,
			);
			name = Credits.rtf;
			sourceTree = "<group>";
		};
		7E3CE83613EC702000EC69E8 /* InfoPlist.strings */ = {
			isa = PBXVariantGroup;
			children = (
				7E3CE83713EC702000EC69E8 /* en */,
			);
			name = InfoPlist.strings;
			sourceTree = "<group>";
		};
/* End PBXVariantGroup section */

/* Begin XCBuildConfiguration section */
		7E3CE81E13EBFB5900EC69E8 /* Debug */ = {
			isa = XCBuildConfiguration;
			buildSettings = {
				DEBUGGING_SYMBOLS = YES;
				GCC_GENERATE_DEBUGGING_SYMBOLS = YES;
				GCC_OPTIMIZATION_LEVEL = 0;
				OTHER_CFLAGS = "";
				OTHER_LDFLAGS = "";
				PRODUCT_NAME = "$(TARGET_NAME)";
			};
			name = Debug;
		};
		7E3CE81F13EBFB5900EC69E8 /* Release */ = {
			isa = XCBuildConfiguration;
			buildSettings = {
				OTHER_CFLAGS = "";
				OTHER_LDFLAGS = "";
				PRODUCT_NAME = "$(TARGET_NAME)";
			};
			name = Release;
		};
		7E5A928313EB6246006498C3 /* Debug */ = {
			isa = XCBuildConfiguration;
			buildSettings = {
				ALWAYS_SEARCH_USER_PATHS = NO;
				ARCHS = "$(ARCHS_STANDARD_64_BIT)";
				COPY_PHASE_STRIP = NO;
				GCC_C_LANGUAGE_STANDARD = gnu99;
				GCC_DYNAMIC_NO_PIC = NO;
				GCC_ENABLE_OBJC_EXCEPTIONS = YES;
				GCC_OPTIMIZATION_LEVEL = 0;
				GCC_PREPROCESSOR_DEFINITIONS = (
					"DEBUG=1",
					"$(inherited)",
				);
				GCC_SYMBOLS_PRIVATE_EXTERN = NO;
				GCC_VERSION = com.apple.compilers.llvm.clang.1_0;
				GCC_WARN_64_TO_32_BIT_CONVERSION = YES;
				GCC_WARN_ABOUT_MISSING_PROTOTYPES = YES;
				GCC_WARN_ABOUT_RETURN_TYPE = YES;
				GCC_WARN_UNUSED_VARIABLE = YES;
				MACOSX_DEPLOYMENT_TARGET = 10.7;
				ONLY_ACTIVE_ARCH = YES;
				SDKROOT = macosx;
			};
			name = Debug;
		};
		7E5A928413EB6246006498C3 /* Release */ = {
			isa = XCBuildConfiguration;
			buildSettings = {
				ALWAYS_SEARCH_USER_PATHS = NO;
				ARCHS = "$(ARCHS_STANDARD_64_BIT)";
				COPY_PHASE_STRIP = YES;
				DEBUG_INFORMATION_FORMAT = "dwarf-with-dsym";
				GCC_C_LANGUAGE_STANDARD = gnu99;
				GCC_ENABLE_OBJC_EXCEPTIONS = YES;
				GCC_VERSION = com.apple.compilers.llvm.clang.1_0;
				GCC_WARN_64_TO_32_BIT_CONVERSION = YES;
				GCC_WARN_ABOUT_MISSING_PROTOTYPES = YES;
				GCC_WARN_ABOUT_RETURN_TYPE = YES;
				GCC_WARN_UNUSED_VARIABLE = YES;
				MACOSX_DEPLOYMENT_TARGET = 10.7;
				SDKROOT = macosx;
			};
			name = Release;
		};
		7E5A928613EB6246006498C3 /* Debug */ = {
			isa = XCBuildConfiguration;
			buildSettings = {
				GCC_PRECOMPILE_PREFIX_HEADER = YES;
				GCC_PREFIX_HEADER = prefix.pch;
				INFOPLIST_FILE = config/config.plist;
				LIBRARY_SEARCH_PATHS = (
					"$(inherited)",
					"\"$(SRCROOT)/vendor/homebrew/Cellar/openssl/0.9.8r/lib/engines\"",
					"\"$(SRCROOT)/vendor/homebrew/Cellar/openssl/0.9.8r/lib\"",
				);
				PRODUCT_NAME = "$(TARGET_NAME)";
				WRAPPER_EXTENSION = app;
			};
			name = Debug;
		};
		7E5A928713EB6246006498C3 /* Release */ = {
			isa = XCBuildConfiguration;
			buildSettings = {
				GCC_PRECOMPILE_PREFIX_HEADER = YES;
				GCC_PREFIX_HEADER = prefix.pch;
				INFOPLIST_FILE = config/config.plist;
				LIBRARY_SEARCH_PATHS = (
					"$(inherited)",
					"\"$(SRCROOT)/vendor/homebrew/Cellar/openssl/0.9.8r/lib/engines\"",
					"\"$(SRCROOT)/vendor/homebrew/Cellar/openssl/0.9.8r/lib\"",
				);
				PRODUCT_NAME = "$(TARGET_NAME)";
				WRAPPER_EXTENSION = app;
			};
			name = Release;
		};
		7E5A928913EB6246006498C3 /* Debug */ = {
			isa = XCBuildConfiguration;
			buildSettings = {
				BUNDLE_LOADER = "$(BUILT_PRODUCTS_DIR)/BytheStack.app/Contents/MacOS/BytheStack";
				FRAMEWORK_SEARCH_PATHS = "$(DEVELOPER_LIBRARY_DIR)/Frameworks";
				GCC_PRECOMPILE_PREFIX_HEADER = YES;
				GCC_PREFIX_HEADER = "BytheStack/BytheStack-Prefix.pch";
				INFOPLIST_FILE = "BytheStackTests/BytheStackTests-Info.plist";
				PRODUCT_NAME = "$(TARGET_NAME)";
				TEST_HOST = "$(BUNDLE_LOADER)";
				WRAPPER_EXTENSION = octest;
			};
			name = Debug;
		};
		7E5A928A13EB6246006498C3 /* Release */ = {
			isa = XCBuildConfiguration;
			buildSettings = {
				BUNDLE_LOADER = "$(BUILT_PRODUCTS_DIR)/BytheStack.app/Contents/MacOS/BytheStack";
				FRAMEWORK_SEARCH_PATHS = "$(DEVELOPER_LIBRARY_DIR)/Frameworks";
				GCC_PRECOMPILE_PREFIX_HEADER = YES;
				GCC_PREFIX_HEADER = "BytheStack/BytheStack-Prefix.pch";
				INFOPLIST_FILE = "BytheStackTests/BytheStackTests-Info.plist";
				PRODUCT_NAME = "$(TARGET_NAME)";
				TEST_HOST = "$(BUNDLE_LOADER)";
				WRAPPER_EXTENSION = octest;
			};
			name = Release;
		};
		7E5AA16B13EB6A9D006498C3 /* Debug */ = {
			isa = XCBuildConfiguration;
			buildSettings = {
				DEBUGGING_SYMBOLS = YES;
				GCC_GENERATE_DEBUGGING_SYMBOLS = YES;
				GCC_OPTIMIZATION_LEVEL = 0;
				OTHER_CFLAGS = "";
				OTHER_LDFLAGS = "";
				PRODUCT_NAME = "$(TARGET_NAME)";
			};
			name = Debug;
		};
		7E5AA16C13EB6A9D006498C3 /* Release */ = {
			isa = XCBuildConfiguration;
			buildSettings = {
				OTHER_CFLAGS = "";
				OTHER_LDFLAGS = "";
				PRODUCT_NAME = "$(TARGET_NAME)";
			};
			name = Release;
		};
/* End XCBuildConfiguration section */

/* Begin XCConfigurationList section */
		7E3CE82013EBFB5900EC69E8 /* Build configuration list for PBXLegacyTarget "OpenSSL" */ = {
			isa = XCConfigurationList;
			buildConfigurations = (
				7E3CE81E13EBFB5900EC69E8 /* Debug */,
				7E3CE81F13EBFB5900EC69E8 /* Release */,
			);
			defaultConfigurationIsVisible = 0;
		};
		7E5A924913EB6245006498C3 /* Build configuration list for PBXProject "BytheStack" */ = {
			isa = XCConfigurationList;
			buildConfigurations = (
				7E5A928313EB6246006498C3 /* Debug */,
				7E5A928413EB6246006498C3 /* Release */,
			);
			defaultConfigurationIsVisible = 0;
			defaultConfigurationName = Release;
		};
		7E5A928513EB6246006498C3 /* Build configuration list for PBXNativeTarget "BytheStack" */ = {
			isa = XCConfigurationList;
			buildConfigurations = (
				7E5A928613EB6246006498C3 /* Debug */,
				7E5A928713EB6246006498C3 /* Release */,
			);
			defaultConfigurationIsVisible = 0;
			defaultConfigurationName = Release;
		};
		7E5A928813EB6246006498C3 /* Build configuration list for PBXNativeTarget "BytheStackTests" */ = {
			isa = XCConfigurationList;
			buildConfigurations = (
				7E5A928913EB6246006498C3 /* Debug */,
				7E5A928A13EB6246006498C3 /* Release */,
			);
			defaultConfigurationIsVisible = 0;
			defaultConfigurationName = Release;
		};
		7E5AA16A13EB6A9D006498C3 /* Build configuration list for PBXLegacyTarget "Git" */ = {
			isa = XCConfigurationList;
			buildConfigurations = (
				7E5AA16B13EB6A9D006498C3 /* Debug */,
				7E5AA16C13EB6A9D006498C3 /* Release */,
			);
			defaultConfigurationIsVisible = 0;
			defaultConfigurationName = Release;
		};
/* End XCConfigurationList section */

/* Begin XCVersionGroup section */
		7E3CE83913EC702000EC69E8 /* BytheStack.xcdatamodeld */ = {
			isa = XCVersionGroup;
			children = (
				7E3CE83A13EC702100EC69E8 /* BytheStack.xcdatamodel */,
			);
			currentVersion = 7E3CE83A13EC702100EC69E8 /* BytheStack.xcdatamodel */;
			path = BytheStack.xcdatamodeld;
			sourceTree = "<group>";
			versionGroupType = wrapper.xcdatamodel;
		};
/* End XCVersionGroup section */
	};
	rootObject = 7E5A924613EB6245006498C3 /* Project object */;
}
